
Microsoft Visual Studio Solution File, Format Version 12.00
# Visual Studio 15
VisualStudioVersion = 15.0.27703.2000
MinimumVisualStudioVersion = 10.0.40219.1
Project("{FAE04EC0-301F-11D3-BF4B-00C04F79EFBC}") = "supertalentoftheworld", "supertalentoftheworld\supertalentoftheworld.csproj", "{E66AC819-F7F2-40C3-AD6E-7348A2E5781C}"
EndProject
Global
	GlobalSection(SolutionConfigurationPlatforms) = preSolution
		Debug|Any CPU = Debug|Any CPU
		Release|Any CPU = Release|Any CPU
	EndGlobalSection
	GlobalSection(ProjectConfigurationPlatforms) = postSolution
		{E66AC819-F7F2-40C3-AD6E-7348A2E5781C}.Debug|Any CPU.ActiveCfg = Debug|Any CPU
		{E66AC819-F7F2-40C3-AD6E-7348A2E5781C}.Debug|Any CPU.Build.0 = Debug|Any CPU
		{E66AC819-F7F2-40C3-AD6E-7348A2E5781C}.Release|Any CPU.ActiveCfg = Release|Any CPU
		{E66AC819-F7F2-40C3-AD6E-7348A2E5781C}.Release|Any CPU.Build.0 = Release|Any CPU
	EndGlobalSection
	GlobalSection(SolutionProperties) = preSolution
		HideSolutionNode = FALSE
	EndGlobalSection
	GlobalSection(ExtensibilityGlobals) = postSolution
		SolutionGuid = {E29309E6-BF7D-490A-BA2F-70DD69176535}
	EndGlobalSection
EndGlobal
